// !$*UTF8*$!
{
	archiveVersion = 1;
	classes = {
	};
	objectVersion = 46;
	objects = {

/* Begin PBXBuildFile section */
		346E94BB17E59BC300C4322F /* UIKit.framework in Frameworks */ = {isa = PBXBuildFile; fileRef = 346E94BA17E59BC300C4322F /* UIKit.framework */; };
		346E94BD17E59BC300C4322F /* Foundation.framework in Frameworks */ = {isa = PBXBuildFile; fileRef = 346E94BC17E59BC300C4322F /* Foundation.framework */; };
		346E94BF17E59BC300C4322F /* CoreGraphics.framework in Frameworks */ = {isa = PBXBuildFile; fileRef = 346E94BE17E59BC300C4322F /* CoreGraphics.framework */; };
		346E94C517E59BC300C4322F /* InfoPlist.strings in Resources */ = {isa = PBXBuildFile; fileRef = 346E94C317E59BC300C4322F /* InfoPlist.strings */; };
		346E94C717E59BC300C4322F /* main.m in Sources */ = {isa = PBXBuildFile; fileRef = 346E94C617E59BC300C4322F /* main.m */; };
		346E94CB17E59BC300C4322F /* AppDelegate.m in Sources */ = {isa = PBXBuildFile; fileRef = 346E94CA17E59BC300C4322F /* AppDelegate.m */; };
		346E94CD17E59BC300C4322F /* Default.png in Resources */ = {isa = PBXBuildFile; fileRef = 346E94CC17E59BC300C4322F /* Default.png */; };
		346E94CF17E59BC300C4322F /* Default@2x.png in Resources */ = {isa = PBXBuildFile; fileRef = 346E94CE17E59BC300C4322F /* Default@2x.png */; };
		346E94D117E59BC300C4322F /* Default-568h@2x.png in Resources */ = {isa = PBXBuildFile; fileRef = 346E94D017E59BC300C4322F /* Default-568h@2x.png */; };
		346E94D417E59BC300C4322F /* MainStoryboard.storyboard in Resources */ = {isa = PBXBuildFile; fileRef = 346E94D217E59BC300C4322F /* MainStoryboard.storyboard */; };
		346E94D717E59BC300C4322F /* ViewController.m in Sources */ = {isa = PBXBuildFile; fileRef = 346E94D617E59BC300C4322F /* ViewController.m */; };
		346E94DE17E5A52000C4322F /* QuartzCore.framework in Frameworks */ = {isa = PBXBuildFile; fileRef = 346E94DD17E5A52000C4322F /* QuartzCore.framework */; };
/* End PBXBuildFile section */

/* Begin PBXFileReference section */
		346E94B717E59BC300C4322F /* tinderPractice.app */ = {isa = PBXFileReference; explicitFileType = wrapper.application; includeInIndex = 0; path = tinderPractice.app; sourceTree = BUILT_PRODUCTS_DIR; };
		346E94BA17E59BC300C4322F /* UIKit.framework */ = {isa = PBXFileReference; lastKnownFileType = wrapper.framework; name = UIKit.framework; path = System/Library/Frameworks/UIKit.framework; sourceTree = SDKROOT; };
		346E94BC17E59BC300C4322F /* Foundation.framework */ = {isa = PBXFileReference; lastKnownFileType = wrapper.framework; name = Foundation.framework; path = System/Library/Frameworks/Foundation.framework; sourceTree = SDKROOT; };
		346E94BE17E59BC300C4322F /* CoreGraphics.framework */ = {isa = PBXFileReference; lastKnownFileType = wrapper.framework; name = CoreGraphics.framework; path = System/Library/Frameworks/CoreGraphics.framework; sourceTree = SDKROOT; };
		346E94C217E59BC300C4322F /* tinderPractice-Info.plist */ = {isa = PBXFileReference; lastKnownFileType = text.plist.xml; path = "tinderPractice-Info.plist"; sourceTree = "<group>"; };
		346E94C417E59BC300C4322F /* en */ = {isa = PBXFileReference; lastKnownFileType = text.plist.strings; name = en; path = en.lproj/InfoPlist.strings; sourceTree = "<group>"; };
		346E94C617E59BC300C4322F /* main.m */ = {isa = PBXFileReference; lastKnownFileType = sourcecode.c.objc; path = main.m; sourceTree = "<group>"; };
		346E94C817E59BC300C4322F /* tinderPractice-Prefix.pch */ = {isa = PBXFileReference; lastKnownFileType = sourcecode.c.h; path = "tinderPractice-Prefix.pch"; sourceTree = "<group>"; };
		346E94C917E59BC300C4322F /* AppDelegate.h */ = {isa = PBXFileReference; lastKnownFileType = sourcecode.c.h; path = AppDelegate.h; sourceTree = "<group>"; };
		346E94CA17E59BC300C4322F /* AppDelegate.m */ = {isa = PBXFileReference; lastKnownFileType = sourcecode.c.objc; path = AppDelegate.m; sourceTree = "<group>"; };
		346E94CC17E59BC300C4322F /* Default.png */ = {isa = PBXFileReference; lastKnownFileType = image.png; path = Default.png; sourceTree = "<group>"; };
		346E94CE17E59BC300C4322F /* Default@2x.png */ = {isa = PBXFileReference; lastKnownFileType = image.png; path = "Default@2x.png"; sourceTree = "<group>"; };
		346E94D017E59BC300C4322F /* Default-568h@2x.png */ = {isa = PBXFileReference; lastKnownFileType = image.png; path = "Default-568h@2x.png"; sourceTree = "<group>"; };
		346E94D317E59BC300C4322F /* en */ = {isa = PBXFileReference; lastKnownFileType = file.storyboard; name = en; path = en.lproj/MainStoryboard.storyboard; sourceTree = "<group>"; };
		346E94D517E59BC300C4322F /* ViewController.h */ = {isa = PBXFileReference; lastKnownFileType = sourcecode.c.h; path = ViewController.h; sourceTree = "<group>"; };
		346E94D617E59BC300C4322F /* ViewController.m */ = {isa = PBXFileReference; lastKnownFileType = sourcecode.c.objc; path = ViewController.m; sourceTree = "<group>"; };
		346E94DD17E5A52000C4322F /* QuartzCore.framework */ = {isa = PBXFileReference; lastKnownFileType = wrapper.framework; name = QuartzCore.framework; path = System/Library/Frameworks/QuartzCore.framework; sourceTree = SDKROOT; };
/* End PBXFileReference section */

/* Begin PBXFrameworksBuildPhase section */
		346E94B417E59BC300C4322F /* Frameworks */ = {
			isa = PBXFrameworksBuildPhase;
			buildActionMask = 2147483647;
			files = (
				346E94DE17E5A52000C4322F /* QuartzCore.framework in Frameworks */,
				346E94BB17E59BC300C4322F /* UIKit.framework in Frameworks */,
				346E94BD17E59BC300C4322F /* Foundation.framework in Frameworks */,
				346E94BF17E59BC300C4322F /* CoreGraphics.framework in Frameworks */,
			);
			runOnlyForDeploymentPostprocessing = 0;
		};
/* End PBXFrameworksBuildPhase section */

/* Begin PBXGroup section */
		346E94AE17E59BC300C4322F = {
			isa = PBXGroup;
			children = (
				346E94C017E59BC300C4322F /* tinderPractice */,
				346E94B917E59BC300C4322F /* Frameworks */,
				346E94B817E59BC300C4322F /* Products */,
			);
			sourceTree = "<group>";
		};
		346E94B817E59BC300C4322F /* Products */ = {
			isa = PBXGroup;
			children = (
				346E94B717E59BC300C4322F /* tinderPractice.app */,
			);
			name = Products;
			sourceTree = "<group>";
		};
		346E94B917E59BC300C4322F /* Frameworks */ = {
			isa = PBXGroup;
			children = (
				346E94DD17E5A52000C4322F /* QuartzCore.framework */,
				346E94BA17E59BC300C4322F /* UIKit.framework */,
				346E94BC17E59BC300C4322F /* Foundation.framework */,
				346E94BE17E59BC300C4322F /* CoreGraphics.framework */,
			);
			name = Frameworks;
			sourceTree = "<group>";
		};
		346E94C017E59BC300C4322F /* tinderPractice */ = {
			isa = PBXGroup;
			children = (
				346E94C917E59BC300C4322F /* AppDelegate.h */,
				346E94CA17E59BC300C4322F /* AppDelegate.m */,
				346E94D217E59BC300C4322F /* MainStoryboard.storyboard */,
				346E94D517E59BC300C4322F /* ViewController.h */,
				346E94D617E59BC300C4322F /* ViewController.m */,
				346E94C117E59BC300C4322F /* Supporting Files */,
			);
			path = tinderPractice;
			sourceTree = "<group>";
		};
		346E94C117E59BC300C4322F /* Supporting Files */ = {
			isa = PBXGroup;
			children = (
				346E94C217E59BC300C4322F /* tinderPractice-Info.plist */,
				346E94C317E59BC300C4322F /* InfoPlist.strings */,
				346E94C617E59BC300C4322F /* main.m */,
				346E94C817E59BC300C4322F /* tinderPractice-Prefix.pch */,
				346E94CC17E59BC300C4322F /* Default.png */,
				346E94CE17E59BC300C4322F /* Default@2x.png */,
				346E94D017E59BC300C4322F /* Default-568h@2x.png */,
			);
			name = "Supporting Files";
			sourceTree = "<group>";
		};
/* End PBXGroup section */

/* Begin PBXNativeTarget section */
		346E94B617E59BC300C4322F /* tinderPractice */ = {
			isa = PBXNativeTarget;
			buildConfigurationList = 346E94DA17E59BC300C4322F /* Build configuration list for PBXNativeTarget "tinderPractice" */;
			buildPhases = (
				346E94B317E59BC300C4322F /* Sources */,
				346E94B417E59BC300C4322F /* Frameworks */,
				346E94B517E59BC300C4322F /* Resources */,
			);
			buildRules = (
			);
			dependencies = (
			);
			name = tinderPractice;
			productName = tinderPractice;
			productReference = 346E94B717E59BC300C4322F /* tinderPractice.app */;
			productType = "com.apple.product-type.application";
		};
/* End PBXNativeTarget section */

/* Begin PBXProject section */
		346E94AF17E59BC300C4322F /* Project object */ = {
			isa = PBXProject;
			attributes = {
				LastUpgradeCheck = 0460;
				ORGANIZATIONNAME = "Rex Fatahi";
			};
			buildConfigurationList = 346E94B217E59BC300C4322F /* Build configuration list for PBXProject "tinderPractice" */;
			compatibilityVersion = "Xcode 3.2";
			developmentRegion = English;
			hasScannedForEncodings = 0;
			knownRegions = (
				en,
			);
			mainGroup = 346E94AE17E59BC300C4322F;
			productRefGroup = 346E94B817E59BC300C4322F /* Products */;
			projectDirPath = "";
			projectRoot = "";
			targets = (
				346E94B617E59BC300C4322F /* tinderPractice */,
			);
		};
/* End PBXProject section */

/* Begin PBXResourcesBuildPhase section */
		346E94B517E59BC300C4322F /* Resources */ = {
			isa = PBXResourcesBuildPhase;
			buildActionMask = 2147483647;
			files = (
				346E94C517E59BC300C4322F /* InfoPlist.strings in Resources */,
				346E94CD17E59BC300C4322F /* Default.png in Resources */,
				346E94CF17E59BC300C4322F /* Default@2x.png in Resources */,
				346E94D117E59BC300C4322F /* Default-568h@2x.png in Resources */,
				346E94D417E59BC300C4322F /* MainStoryboard.storyboard in Resources */,
			);
			runOnlyForDeploymentPostprocessing = 0;
		};
/* End PBXResourcesBuildPhase section */

/* Begin PBXSourcesBuildPhase section */
		346E94B317E59BC300C4322F /* Sources */ = {
			isa = PBXSourcesBuildPhase;
			buildActionMask = 2147483647;
			files = (
				346E94C717E59BC300C4322F /* main.m in Sources */,
				346E94CB17E59BC300C4322F /* AppDelegate.m in Sources */,
				346E94D717E59BC300C4322F /* ViewController.m in Sources */,
			);
			runOnlyForDeploymentPostprocessing = 0;
		};
/* End PBXSourcesBuildPhase section */

/* Begin PBXVariantGroup section */
		346E94C317E59BC300C4322F /* InfoPlist.strings */ = {
			isa = PBXVariantGroup;
			children = (
				346E94C417E59BC300C4322F /* en */,
			);
			name = InfoPlist.strings;
			sourceTree = "<group>";
		};
		346E94D217E59BC300C4322F /* MainStoryboard.storyboard */ = {
			isa = PBXVariantGroup;
			children = (
				346E94D317E59BC300C4322F /* en */,
			);
			name = MainStoryboard.storyboard;
			sourceTree = "<group>";
		};
/* End PBXVariantGroup section */

/* Begin XCBuildConfiguration section */
		346E94D817E59BC300C4322F /* Debug */ = {
			isa = XCBuildConfiguration;
			buildSettings = {
				ALWAYS_SEARCH_USER_PATHS = NO;
				CLANG_CXX_LANGUAGE_STANDARD = "gnu++0x";
				CLANG_CXX_LIBRARY = "libc++";
				CLANG_ENABLE_OBJC_ARC = YES;
				CLANG_WARN_CONSTANT_CONVERSION = YES;
				CLANG_WARN_EMPTY_BODY = YES;
				CLANG_WARN_ENUM_CONVERSION = YES;
				CLANG_WARN_INT_CONVERSION = YES;
				CLANG_WARN__DUPLICATE_METHOD_MATCH = YES;
				"CODE_SIGN_IDENTITY[sdk=iphoneos*]" = "iPhone Developer";
				COPY_PHASE_STRIP = NO;
				GCC_C_LANGUAGE_STANDARD = gnu99;
				GCC_DYNAMIC_NO_PIC = NO;
				GCC_OPTIMIZATION_LEVEL = 0;
				GCC_PREPROCESSOR_DEFINITIONS = (
					"DEBUG=1",
					"$(inherited)",
				);
				GCC_SYMBOLS_PRIVATE_EXTERN = NO;
				GCC_WARN_ABOUT_RETURN_TYPE = YES;
				GCC_WARN_UNINITIALIZED_AUTOS = YES;
				GCC_WARN_UNUSED_VARIABLE = YES;
				IPHONEOS_DEPLOYMENT_TARGET = 6.1;
				ONLY_ACTIVE_ARCH = YES;
				SDKROOT = iphoneos;
			};
			name = Debug;
		};
		346E94D917E59BC300C4322F /* Release */ = {
			isa = XCBuildConfiguration;
			buildSettings = {
				ALWAYS_SEARCH_USER_PATHS = NO;
				CLANG_CXX_LANGUAGE_STANDARD = "gnu++0x";
				CLANG_CXX_LIBRARY = "libc++";
				CLANG_ENABLE_OBJC_ARC = YES;
				CLANG_WARN_CONSTANT_CONVERSION = YES;
				CLANG_WARN_EMPTY_BODY = YES;
				CLANG_WARN_ENUM_CONVERSION = YES;
				CLANG_WARN_INT_CONVERSION = YES;
				CLANG_WARN__DUPLICATE_METHOD_MATCH = YES;
				"CODE_SIGN_IDENTITY[sdk=iphoneos*]" = "iPhone Developer";
				COPY_PHASE_STRIP = YES;
				GCC_C_LANGUAGE_STANDARD = gnu99;
				GCC_WARN_ABOUT_RETURN_TYPE = YES;
				GCC_WARN_UNINITIALIZED_AUTOS = YES;
				GCC_WARN_UNUSED_VARIABLE = YES;
				IPHONEOS_DEPLOYMENT_TARGET = 6.1;
				OTHER_CFLAGS = "-DNS_BLOCK_ASSERTIONS=1";
				SDKROOT = iphoneos;
				VALIDATE_PRODUCT = YES;
			};
			name = Release;
		};
		346E94DB17E59BC300C4322F /* Debug */ = {
			isa = XCBuildConfiguration;
			buildSettings = {
				GCC_PRECOMPILE_PREFIX_HEADER = YES;
				GCC_PREFIX_HEADER = "tinderPractice/tinderPractice-Prefix.pch";
				INFOPLIST_FILE = "tinderPractice/tinderPractice-Info.plist";
				PRODUCT_NAME = "$(TARGET_NAME)";
				WRAPPER_EXTENSION = app;
			};
			name = Debug;
		};
		346E94DC17E59BC300C4322F /* Release */ = {
			isa = XCBuildConfiguration;
			buildSettings = {
				GCC_PRECOMPILE_PREFIX_HEADER = YES;
				GCC_PREFIX_HEADER = "tinderPractice/tinderPractice-Prefix.pch";
				INFOPLIST_FILE = "tinderPractice/tinderPractice-Info.plist";
				PRODUCT_NAME = "$(TARGET_NAME)";
				WRAPPER_EXTENSION = app;
			};
			name = Release;
		};
/* End XCBuildConfiguration section */

/* Begin XCConfigurationList section */
		346E94B217E59BC300C4322F /* Build configuration list for PBXProject "tinderPractice" */ = {
			isa = XCConfigurationList;
			buildConfigurations = (
				346E94D817E59BC300C4322F /* Debug */,
				346E94D917E59BC300C4322F /* Release */,
			);
			defaultConfigurationIsVisible = 0;
			defaultConfigurationName = Release;
		};
		346E94DA17E59BC300C4322F /* Build configuration list for PBXNativeTarget "tinderPractice" */ = {
			isa = XCConfigurationList;
			buildConfigurations = (
				346E94DB17E59BC300C4322F /* Debug */,
				346E94DC17E59BC300C4322F /* Release */,
			);
			defaultConfigurationIsVisible = 0;
		};
/* End XCConfigurationList section */
	};
	rootObject = 346E94AF17E59BC300C4322F /* Project object */;
}
